<?xml version="1.0" encoding="utf-8"?>
<Project ToolsVersion="4.0" xmlns="http://schemas.microsoft.com/developer/msbuild/2003">
  <ItemGroup>
    <Filter Include="소스 파일">
      <UniqueIdentifier>{4FC737F1-C7A5-4376-A066-2A32D752A2FF}</UniqueIdentifier>
      <Extensions>cpp;c;cc;cxx;c++;cppm;ixx;def;odl;idl;hpj;bat;asm;asmx</Extensions>
    </Filter>
    <Filter Include="헤더 파일">
      <UniqueIdentifier>{93995380-89BD-4b04-88EB-625FBE52EBFB}</UniqueIdentifier>
      <Extensions>h;hh;hpp;hxx;h++;hm;inl;inc;ipp;xsd</Extensions>
    </Filter>
    <Filter Include="리소스 파일">
      <UniqueIdentifier>{67DA6AB6-F800-4c08-8B7A-83BB121AAD01}</UniqueIdentifier>
      <Extensions>rc;ico;cur;bmp;dlg;rc2;rct;bin;rgs;gif;jpg;jpeg;jpe;resx;tiff;tif;png;wav;mfcribbon-ms</Extensions>
    </Filter>
    <Filter Include="소스 파일\1.">
      <UniqueIdentifier>{44cdad6c-6e57-4fb1-94e7-287f1285d9ed}</UniqueIdentifier>
    </Filter>
    <Filter Include="소스 파일\2.">
      <UniqueIdentifier>{7c5f645d-2f9a-4008-a6b2-c96106be9619}</UniqueIdentifier>
    </Filter>
    <Filter Include="소스 파일\3.">
      <UniqueIdentifier>{999daef1-b3b6-4629-9fc0-27425cc28483}</UniqueIdentifier>
    </Filter>
    <Filter Include="소스 파일\4.">
      <UniqueIdentifier>{b42feff6-d133-4f7b-8f6f-15b5a3adba68}</UniqueIdentifier>
    </Filter>
    <Filter Include="소스 파일\5.">
      <UniqueIdentifier>{bfa33d58-8b38-44d2-843f-5738e50103cd}</UniqueIdentifier>
    </Filter>
    <Filter Include="소스 파일\6.">
      <UniqueIdentifier>{4df9945e-9019-463e-9217-f640488c5d26}</UniqueIdentifier>
    </Filter>
    <Filter Include="소스 파일\7.">
      <UniqueIdentifier>{5bd8810a-95d0-48b4-823e-61decadd2819}</UniqueIdentifier>
    </Filter>
    <Filter Include="소스 파일\9.">
      <UniqueIdentifier>{2add0571-7dbc-4bee-bc9e-0549a56612ff}</UniqueIdentifier>
    </Filter>
    <Filter Include="소스 파일\10.">
      <UniqueIdentifier>{85ed9c71-8b92-4970-9a84-cd61294a06f4}</UniqueIdentifier>
    </Filter>
    <Filter Include="소스 파일\11.">
      <UniqueIdentifier>{677cb1ca-a96e-4b7c-8519-28c4ba15723c}</UniqueIdentifier>
    </Filter>
    <Filter Include="소스 파일\12.">
      <UniqueIdentifier>{03b479f0-4bc2-4d27-ae20-a64f5d5f5717}</UniqueIdentifier>
    </Filter>
    <Filter Include="소스 파일\13.">
      <UniqueIdentifier>{d6db61bf-d1d4-44cf-9f33-a339e30f64a3}</UniqueIdentifier>
    </Filter>
    <Filter Include="소스 파일\14.">
      <UniqueIdentifier>{3433601c-6df4-4d7b-a69d-4c7c9dbdce0f}</UniqueIdentifier>
    </Filter>
    <Filter Include="소스 파일\15.">
      <UniqueIdentifier>{919de095-c34a-4fd4-897f-a9017abdbccd}</UniqueIdentifier>
    </Filter>
  </ItemGroup>
  <ItemGroup>
    <ClCompile Include="1-2.cpp">
      <Filter>소스 파일\1.</Filter>
    </ClCompile>
    <ClCompile Include="1-3.cpp">
      <Filter>소스 파일\1.</Filter>
    </ClCompile>
    <ClCompile Include="2.cpp">
      <Filter>소스 파일\2.</Filter>
    </ClCompile>
    <ClCompile Include="3.cpp">
      <Filter>소스 파일\3.</Filter>
    </ClCompile>
    <ClCompile Include="4-1.cpp">
      <Filter>소스 파일\4.</Filter>
    </ClCompile>
    <ClCompile Include="4-2.cpp">
      <Filter>소스 파일\4.</Filter>
    </ClCompile>
    <ClCompile Include="4-3-1.cpp">
      <Filter>소스 파일\4.</Filter>
    </ClCompile>
    <ClCompile Include="4-3-2.cpp">
      <Filter>소스 파일\4.</Filter>
    </ClCompile>
    <ClCompile Include="4-4-0.cpp">
      <Filter>소스 파일\4.</Filter>
    </ClCompile>
    <ClCompile Include="4-4-1.cpp">
      <Filter>소스 파일\4.</Filter>
    </ClCompile>
    <ClCompile Include="4-3-3.cpp">
      <Filter>소스 파일\4.</Filter>
    </ClCompile>
    <ClCompile Include="4-5.cpp">
      <Filter>소스 파일\4.</Filter>
    </ClCompile>
    <ClCompile Include="4-6.cpp">
      <Filter>소스 파일\4.</Filter>
    </ClCompile>
    <ClCompile Include="5-1-1.cpp">
      <Filter>소스 파일\5.</Filter>
    </ClCompile>
    <ClCompile Include="5-1-2.cpp">
      <Filter>소스 파일\5.</Filter>
    </ClCompile>
    <ClCompile Include="5-2-1.cpp">
      <Filter>소스 파일\5.</Filter>
    </ClCompile>
    <ClCompile Include="5-2-2.cpp">
      <Filter>소스 파일\5.</Filter>
    </ClCompile>
    <ClCompile Include="5-2-3.cpp">
      <Filter>소스 파일\5.</Filter>
    </ClCompile>
    <ClCompile Include="6-1-0.cpp">
      <Filter>소스 파일\6.</Filter>
    </ClCompile>
    <ClCompile Include="6-1-1.cpp">
      <Filter>소스 파일\6.</Filter>
    </ClCompile>
    <ClCompile Include="6-2-1.cpp">
      <Filter>소스 파일\6.</Filter>
    </ClCompile>
    <ClCompile Include="6-2-2.cpp">
      <Filter>소스 파일\6.</Filter>
    </ClCompile>
    <ClCompile Include="6-3.cpp">
      <Filter>소스 파일\6.</Filter>
    </ClCompile>
    <ClCompile Include="7-1.cpp">
      <Filter>소스 파일\7.</Filter>
    </ClCompile>
    <ClCompile Include="7-2-1.cpp">
      <Filter>소스 파일\7.</Filter>
    </ClCompile>
    <ClCompile Include="7-2-2.cpp">
      <Filter>소스 파일\7.</Filter>
    </ClCompile>
    <ClCompile Include="7-2-3.cpp">
      <Filter>소스 파일\7.</Filter>
    </ClCompile>
    <ClCompile Include="9-1-0.cpp">
      <Filter>소스 파일\9.</Filter>
    </ClCompile>
    <ClCompile Include="9-1-1.cpp">
      <Filter>소스 파일\9.</Filter>
    </ClCompile>
    <ClCompile Include="9-2-1.cpp">
      <Filter>소스 파일\9.</Filter>
    </ClCompile>
    <ClCompile Include="9-2-2.cpp">
      <Filter>소스 파일\9.</Filter>
    </ClCompile>
    <ClCompile Include="10-1.cpp">
      <Filter>소스 파일\10.</Filter>
    </ClCompile>
    <ClCompile Include="10-2-1.cpp">
      <Filter>소스 파일\10.</Filter>
    </ClCompile>
    <ClCompile Include="10-2-2.cpp">
      <Filter>소스 파일\10.</Filter>
    </ClCompile>
    <ClCompile Include="10-2-3.cpp">
      <Filter>소스 파일\10.</Filter>
    </ClCompile>
    <ClCompile Include="10-3-1.cpp">
      <Filter>소스 파일\10.</Filter>
    </ClCompile>
    <ClCompile Include="10-3-2.cpp">
      <Filter>소스 파일\10.</Filter>
    </ClCompile>
    <ClCompile Include="10-3-3.cpp">
      <Filter>소스 파일\10.</Filter>
    </ClCompile>
    <ClCompile Include="10-4-0.cpp">
      <Filter>소스 파일\10.</Filter>
    </ClCompile>
    <ClCompile Include="10-4-1.cpp">
      <Filter>소스 파일\10.</Filter>
    </ClCompile>
    <ClCompile Include="10-4-2.cpp">
      <Filter>소스 파일\10.</Filter>
    </ClCompile>
    <ClCompile Include="11-0.cpp">
      <Filter>소스 파일\11.</Filter>
    </ClCompile>
    <ClCompile Include="11-1.cpp">
      <Filter>소스 파일\11.</Filter>
    </ClCompile>
    <ClCompile Include="12-1-1.cpp">
      <Filter>소스 파일\12.</Filter>
    </ClCompile>
    <ClCompile Include="12-1-0.cpp">
      <Filter>소스 파일\12.</Filter>
    </ClCompile>
    <ClCompile Include="12-2-1.cpp">
      <Filter>소스 파일\12.</Filter>
    </ClCompile>
    <ClCompile Include="12-2-2.cpp">
      <Filter>소스 파일\12.</Filter>
    </ClCompile>
    <ClCompile Include="12-2-3.cpp">
      <Filter>소스 파일\12.</Filter>
    </ClCompile>
    <ClCompile Include="13-1.cpp">
      <Filter>소스 파일\13.</Filter>
    </ClCompile>
    <ClCompile Include="13-2.cpp">
      <Filter>소스 파일\13.</Filter>
    </ClCompile>
    <ClCompile Include="14-1.cpp">
      <Filter>소스 파일\14.</Filter>
    </ClCompile>
    <ClCompile Include="14-2.cpp">
      <Filter>소스 파일\14.</Filter>
    </ClCompile>
    <ClCompile Include="15-1.cpp">
      <Filter>소스 파일\15.</Filter>
    </ClCompile>
    <ClCompile Include="15-1-2.cpp">
      <Filter>소스 파일\15.</Filter>
    </ClCompile>
  </ItemGroup>
  <ItemGroup>
    <ClInclude Include="stdafx.h">
      <Filter>헤더 파일</Filter>
    </ClInclude>
  </ItemGroup>
</Project>